{
    "_readme": [
        "This file locks the dependencies of your project to a known state",
        "Read more about it at http://getcomposer.org/doc/01-basic-usage.md#composer-lock-the-lock-file",
        "This file is @generated automatically"
    ],
    "hash": "44cf54b4421f2a89dc2250d33c889eb0",
    "packages": [
        {
            "name": "renanvaz/u",
            "version": "1.0.0",
            "source": {
                "type": "git",
                "url": "https://github.com/renanvaz/u.git",
                "reference": "176f5aeacd2c1009bbe9a90c5c01f35675ad8e11"
            },
            "dist": {
                "type": "zip",
                "url": "https://api.github.com/repos/renanvaz/u/zipball/176f5aeacd2c1009bbe9a90c5c01f35675ad8e11",
                "reference": "176f5aeacd2c1009bbe9a90c5c01f35675ad8e11",
                "shasum": ""
            },
            "require": {
                "php": ">=5.4.0"
            },
            "type": "library",
            "autoload": {
                "psr-0": {
                    "ULib\\": "src/"
                }
            },
            "notification-url": "https://packagist.org/downloads/",
            "license": [
                "MIT"
            ],
            "authors": [
                {
                    "name": "Renan Vaz",
                    "email": "renan.c.vaz@gmail.com"
                }
            ],
            "description": "U - Unit Test Lib",
            "time": "2015-03-08 00:28:18"
        }
    ],
    "packages-dev": [],
    "aliases": [],
    "minimum-stability": "stable",
    "stability-flags": [],
    "prefer-stable": false,
    "prefer-lowest": false,
    "platform": [],
    "platform-dev": []
}
